
Microsoft Visual Studio Solution File, Format Version 12.00
# Visual Studio 2013
VisualStudioVersion = 12.0.31101.0
MinimumVisualStudioVersion = 10.0.40219.1
Project("{FAE04EC0-301F-11D3-BF4B-00C04F79EFBC}") = "DataLine9.ODataBackend", "ODataBackend/DataLine9.ODataBackend.csproj", "{52EDEA34-0823-493E-9DF5-23728678B16D}"
EndProject
Project("{FAE04EC0-301F-11D3-BF4B-00C04F79EFBC}") = "DataLine9.Objects", "Objects/DataLine9.Objects.csproj", "{2148EB73-F67C-4A6F-A987-4E773B094C73}"
EndProject
Global
	GlobalSection(SolutionConfigurationPlatforms) = preSolution
Debug|Any CPU = Debug|Any CPU
Release|Any CPU = Release|Any CPU
	EndGlobalSection
	GlobalSection(ProjectConfigurationPlatforms) = postSolution
		{52EDEA34-0823-493E-9DF5-23728678B16D}.Debug|Any CPU.ActiveCfg = Debug|Any CPU
		{52EDEA34-0823-493E-9DF5-23728678B16D}.Debug|Any CPU.Build.0 = Debug|Any CPU
		{52EDEA34-0823-493E-9DF5-23728678B16D}.Release|Any CPU.ActiveCfg = Release|Any CPU
		{52EDEA34-0823-493E-9DF5-23728678B16D}.Release|Any CPU.Build.0 = Release|Any CPU
		{2148EB73-F67C-4A6F-A987-4E773B094C73}.Debug|Any CPU.ActiveCfg = Debug|Any CPU
		{2148EB73-F67C-4A6F-A987-4E773B094C73}.Debug|Any CPU.Build.0 = Debug|Any CPU
		{2148EB73-F67C-4A6F-A987-4E773B094C73}.Release|Any CPU.ActiveCfg = Release|Any CPU
		{2148EB73-F67C-4A6F-A987-4E773B094C73}.Release|Any CPU.Build.0 = Release|Any CPU
	EndGlobalSection
	GlobalSection(SolutionProperties) = preSolution
		HideSolutionNode = FALSE
	EndGlobalSection
EndGlobal
